
Microsoft Visual Studio Solution File, Format Version 12.00
# Visual Studio 15
VisualStudioVersion = 15.0.28010.2046
MinimumVisualStudioVersion = 10.0.40219.1
Project("{8BC9CEB8-8B4A-11D0-8D11-00A0C91BC942}") = "Strategy Pattern", "Strategy Pattern\Strategy Pattern.vcxproj", "{A0551A0A-513C-4F9B-8839-97754DBF6867}"
EndProject
Project("{8BC9CEB8-8B4A-11D0-8D11-00A0C91BC942}") = "Observer Pattern", "Observer Pattern\Observer Pattern.vcxproj", "{F6B1D38A-8B24-4196-ADF3-BFAFB876E291}"
EndProject
Project("{8BC9CEB8-8B4A-11D0-8D11-00A0C91BC942}") = "Decorator Pattern", "Decorator Pattern\Decorator Pattern.vcxproj", "{ED5A0E4C-D25A-4841-96B3-F77BF1DD88F8}"
EndProject
Project("{8BC9CEB8-8B4A-11D0-8D11-00A0C91BC942}") = "Factory Pattern", "Factory Pattern\Factory Pattern.vcxproj", "{C0EB3BAC-8DBF-40A0-BE75-A679651BFA54}"
EndProject
Project("{8BC9CEB8-8B4A-11D0-8D11-00A0C91BC942}") = "Singleton Pattern", "Singleton Pattern\Singleton Pattern.vcxproj", "{88C79742-D1B5-41E0-AF0D-81EB56E96F88}"
EndProject
Project("{8BC9CEB8-8B4A-11D0-8D11-00A0C91BC942}") = "Template Method Pattern", "Template Method Pattern\Template Method Pattern.vcxproj", "{AC67B90B-3869-4371-BC1C-937B206F367C}"
EndProject
Project("{8BC9CEB8-8B4A-11D0-8D11-00A0C91BC942}") = "Iterator Pattern", "Iterator Pattern\Iterator Pattern.vcxproj", "{B4073634-A418-4CB9-9D4C-3D72871FAB5A}"
EndProject
Global
	GlobalSection(SolutionConfigurationPlatforms) = preSolution
		Debug|x64 = Debug|x64
		Debug|x86 = Debug|x86
		Release|x64 = Release|x64
		Release|x86 = Release|x86
	EndGlobalSection
	GlobalSection(ProjectConfigurationPlatforms) = postSolution
		{A0551A0A-513C-4F9B-8839-97754DBF6867}.Debug|x64.ActiveCfg = Debug|x64
		{A0551A0A-513C-4F9B-8839-97754DBF6867}.Debug|x64.Build.0 = Debug|x64
		{A0551A0A-513C-4F9B-8839-97754DBF6867}.Debug|x86.ActiveCfg = Debug|Win32
		{A0551A0A-513C-4F9B-8839-97754DBF6867}.Debug|x86.Build.0 = Debug|Win32
		{A0551A0A-513C-4F9B-8839-97754DBF6867}.Release|x64.ActiveCfg = Release|x64
		{A0551A0A-513C-4F9B-8839-97754DBF6867}.Release|x64.Build.0 = Release|x64
		{A0551A0A-513C-4F9B-8839-97754DBF6867}.Release|x86.ActiveCfg = Release|Win32
		{A0551A0A-513C-4F9B-8839-97754DBF6867}.Release|x86.Build.0 = Release|Win32
		{F6B1D38A-8B24-4196-ADF3-BFAFB876E291}.Debug|x64.ActiveCfg = Debug|x64
		{F6B1D38A-8B24-4196-ADF3-BFAFB876E291}.Debug|x64.Build.0 = Debug|x64
		{F6B1D38A-8B24-4196-ADF3-BFAFB876E291}.Debug|x86.ActiveCfg = Debug|Win32
		{F6B1D38A-8B24-4196-ADF3-BFAFB876E291}.Debug|x86.Build.0 = Debug|Win32
		{F6B1D38A-8B24-4196-ADF3-BFAFB876E291}.Release|x64.ActiveCfg = Release|x64
		{F6B1D38A-8B24-4196-ADF3-BFAFB876E291}.Release|x64.Build.0 = Release|x64
		{F6B1D38A-8B24-4196-ADF3-BFAFB876E291}.Release|x86.ActiveCfg = Release|Win32
		{F6B1D38A-8B24-4196-ADF3-BFAFB876E291}.Release|x86.Build.0 = Release|Win32
		{ED5A0E4C-D25A-4841-96B3-F77BF1DD88F8}.Debug|x64.ActiveCfg = Debug|x64
		{ED5A0E4C-D25A-4841-96B3-F77BF1DD88F8}.Debug|x64.Build.0 = Debug|x64
		{ED5A0E4C-D25A-4841-96B3-F77BF1DD88F8}.Debug|x86.ActiveCfg = Debug|Win32
		{ED5A0E4C-D25A-4841-96B3-F77BF1DD88F8}.Debug|x86.Build.0 = Debug|Win32
		{ED5A0E4C-D25A-4841-96B3-F77BF1DD88F8}.Release|x64.ActiveCfg = Release|x64
		{ED5A0E4C-D25A-4841-96B3-F77BF1DD88F8}.Release|x64.Build.0 = Release|x64
		{ED5A0E4C-D25A-4841-96B3-F77BF1DD88F8}.Release|x86.ActiveCfg = Release|Win32
		{ED5A0E4C-D25A-4841-96B3-F77BF1DD88F8}.Release|x86.Build.0 = Release|Win32
		{C0EB3BAC-8DBF-40A0-BE75-A679651BFA54}.Debug|x64.ActiveCfg = Debug|x64
		{C0EB3BAC-8DBF-40A0-BE75-A679651BFA54}.Debug|x64.Build.0 = Debug|x64
		{C0EB3BAC-8DBF-40A0-BE75-A679651BFA54}.Debug|x86.ActiveCfg = Debug|Win32
		{C0EB3BAC-8DBF-40A0-BE75-A679651BFA54}.Debug|x86.Build.0 = Debug|Win32
		{C0EB3BAC-8DBF-40A0-BE75-A679651BFA54}.Release|x64.ActiveCfg = Release|x64
		{C0EB3BAC-8DBF-40A0-BE75-A679651BFA54}.Release|x64.Build.0 = Release|x64
		{C0EB3BAC-8DBF-40A0-BE75-A679651BFA54}.Release|x86.ActiveCfg = Release|Win32
		{C0EB3BAC-8DBF-40A0-BE75-A679651BFA54}.Release|x86.Build.0 = Release|Win32
		{88C79742-D1B5-41E0-AF0D-81EB56E96F88}.Debug|x64.ActiveCfg = Debug|x64
		{88C79742-D1B5-41E0-AF0D-81EB56E96F88}.Debug|x64.Build.0 = Debug|x64
		{88C79742-D1B5-41E0-AF0D-81EB56E96F88}.Debug|x86.ActiveCfg = Debug|Win32
		{88C79742-D1B5-41E0-AF0D-81EB56E96F88}.Debug|x86.Build.0 = Debug|Win32
		{88C79742-D1B5-41E0-AF0D-81EB56E96F88}.Release|x64.ActiveCfg = Release|x64
		{88C79742-D1B5-41E0-AF0D-81EB56E96F88}.Release|x64.Build.0 = Release|x64
		{88C79742-D1B5-41E0-AF0D-81EB56E96F88}.Release|x86.ActiveCfg = Release|Win32
		{88C79742-D1B5-41E0-AF0D-81EB56E96F88}.Release|x86.Build.0 = Release|Win32
		{AC67B90B-3869-4371-BC1C-937B206F367C}.Debug|x64.ActiveCfg = Debug|x64
		{AC67B90B-3869-4371-BC1C-937B206F367C}.Debug|x64.Build.0 = Debug|x64
		{AC67B90B-3869-4371-BC1C-937B206F367C}.Debug|x86.ActiveCfg = Debug|Win32
		{AC67B90B-3869-4371-BC1C-937B206F367C}.Debug|x86.Build.0 = Debug|Win32
		{AC67B90B-3869-4371-BC1C-937B206F367C}.Release|x64.ActiveCfg = Release|x64
		{AC67B90B-3869-4371-BC1C-937B206F367C}.Release|x64.Build.0 = Release|x64
		{AC67B90B-3869-4371-BC1C-937B206F367C}.Release|x86.ActiveCfg = Release|Win32
		{AC67B90B-3869-4371-BC1C-937B206F367C}.Release|x86.Build.0 = Release|Win32
		{B4073634-A418-4CB9-9D4C-3D72871FAB5A}.Debug|x64.ActiveCfg = Debug|x64
		{B4073634-A418-4CB9-9D4C-3D72871FAB5A}.Debug|x64.Build.0 = Debug|x64
		{B4073634-A418-4CB9-9D4C-3D72871FAB5A}.Debug|x86.ActiveCfg = Debug|Win32
		{B4073634-A418-4CB9-9D4C-3D72871FAB5A}.Debug|x86.Build.0 = Debug|Win32
		{B4073634-A418-4CB9-9D4C-3D72871FAB5A}.Release|x64.ActiveCfg = Release|x64
		{B4073634-A418-4CB9-9D4C-3D72871FAB5A}.Release|x64.Build.0 = Release|x64
		{B4073634-A418-4CB9-9D4C-3D72871FAB5A}.Release|x86.ActiveCfg = Release|Win32
		{B4073634-A418-4CB9-9D4C-3D72871FAB5A}.Release|x86.Build.0 = Release|Win32
	EndGlobalSection
	GlobalSection(SolutionProperties) = preSolution
		HideSolutionNode = FALSE
	EndGlobalSection
	GlobalSection(ExtensibilityGlobals) = postSolution
		SolutionGuid = {2ABA6D39-B523-4F8B-9844-21D47D067B8B}
	EndGlobalSection
EndGlobal
